
Microsoft Visual Studio Solution File, Format Version 12.00
# Visual Studio 2012
Project("{8BC9CEB8-8B4A-11D0-8D11-00A0C91BC942}") = "cgame_x86", "cgame_mp_x86.vcxproj", "{1898AB48-8BAC-41D8-8C9E-AB1B4F5DE1B1}"
EndProject
Project("{8BC9CEB8-8B4A-11D0-8D11-00A0C91BC942}") = "qagame_x86", "qagame_mp_x86.vcxproj", "{492169C6-5925-46FD-8E13-B33694AE218F}"
EndProject
Project("{8BC9CEB8-8B4A-11D0-8D11-00A0C91BC942}") = "ui_x86", "ui_mp_x86.vcxproj", "{0A916EE3-D460-4C9B-AB1B-B665A2408F83}"
EndProject
Project("{8BC9CEB8-8B4A-11D0-8D11-00A0C91BC942}") = "etlded", "etlded.vcxproj", "{AE526E1B-1CDD-43C6-B57D-CE79F7133469}"
	ProjectSection(ProjectDependencies) = postProject
		{3A214E06-B95E-4D61-A291-1F8DF2EC10FD} = {3A214E06-B95E-4D61-A291-1F8DF2EC10FD}
		{4C7F861B-88E1-4801-BE11-6A80B2315F19} = {4C7F861B-88E1-4801-BE11-6A80B2315F19}
		{CEBDE98B-A6AA-46E6-BC79-FAAF823DB9EC} = {CEBDE98B-A6AA-46E6-BC79-FAAF823DB9EC}
		{87EE9DA4-DE1E-4448-8324-183C98DCA588} = {87EE9DA4-DE1E-4448-8324-183C98DCA588}
		{B179A7DE-2EC5-412D-ABAC-6127B118A9A1} = {B179A7DE-2EC5-412D-ABAC-6127B118A9A1}
		{9384F7F8-F07E-45F4-A0BA-46239D2C0464} = {9384F7F8-F07E-45F4-A0BA-46239D2C0464}
	EndProjectSection
EndProject
Project("{8BC9CEB8-8B4A-11D0-8D11-00A0C91BC942}") = "etl", "etl.vcxproj", "{B69CCFA6-2505-45E1-9D2E-C849EE588344}"
	ProjectSection(ProjectDependencies) = postProject
		{3A214E06-B95E-4D61-A291-1F8DF2EC10FD} = {3A214E06-B95E-4D61-A291-1F8DF2EC10FD}
		{4C7F861B-88E1-4801-BE11-6A80B2315F19} = {4C7F861B-88E1-4801-BE11-6A80B2315F19}
		{CEBDE98B-A6AA-46E6-BC79-FAAF823DB9EC} = {CEBDE98B-A6AA-46E6-BC79-FAAF823DB9EC}
		{87EE9DA4-DE1E-4448-8324-183C98DCA588} = {87EE9DA4-DE1E-4448-8324-183C98DCA588}
		{B179A7DE-2EC5-412D-ABAC-6127B118A9A1} = {B179A7DE-2EC5-412D-ABAC-6127B118A9A1}
		{9384F7F8-F07E-45F4-A0BA-46239D2C0464} = {9384F7F8-F07E-45F4-A0BA-46239D2C0464}
	EndProjectSection
EndProject
Project("{8BC9CEB8-8B4A-11D0-8D11-00A0C91BC942}") = "libs_libcurl", "libs\libcurl.vcxproj", "{87EE9DA4-DE1E-4448-8324-183C98DCA588}"
EndProject
Project("{8BC9CEB8-8B4A-11D0-8D11-00A0C91BC942}") = "libs_glew", "libs\glew.vcxproj", "{9384F7F8-F07E-45F4-A0BA-46239D2C0464}"
EndProject
Project("{8BC9CEB8-8B4A-11D0-8D11-00A0C91BC942}") = "libs_libjpeg", "libs\libjpeg.vcxproj", "{4C7F861B-88E1-4801-BE11-6A80B2315F19}"
EndProject
Project("{8BC9CEB8-8B4A-11D0-8D11-00A0C91BC942}") = "libs_libogg", "libs\libogg.vcxproj", "{B179A7DE-2EC5-412D-ABAC-6127B118A9A1}"
EndProject
Project("{8BC9CEB8-8B4A-11D0-8D11-00A0C91BC942}") = "libs_libvorbis", "libs\libvorbis.vcxproj", "{3A214E06-B95E-4D61-A291-1F8DF2EC10FD}"
EndProject
Project("{8BC9CEB8-8B4A-11D0-8D11-00A0C91BC942}") = "libs_libvorbisfile", "libs\libvorbisfile.vcxproj", "{CEBDE98B-A6AA-46E6-BC79-FAAF823DB9EC}"
EndProject
Global
	GlobalSection(SolutionConfigurationPlatforms) = preSolution
		Debug|Win32 = Debug|Win32
		Release|Win32 = Release|Win32
	EndGlobalSection
	GlobalSection(ProjectConfigurationPlatforms) = postSolution
		{1898AB48-8BAC-41D8-8C9E-AB1B4F5DE1B1}.Debug|Win32.ActiveCfg = Debug|Win32
		{1898AB48-8BAC-41D8-8C9E-AB1B4F5DE1B1}.Debug|Win32.Build.0 = Debug|Win32
		{1898AB48-8BAC-41D8-8C9E-AB1B4F5DE1B1}.Release|Win32.ActiveCfg = Release|Win32
		{1898AB48-8BAC-41D8-8C9E-AB1B4F5DE1B1}.Release|Win32.Build.0 = Release|Win32
		{492169C6-5925-46FD-8E13-B33694AE218F}.Debug|Win32.ActiveCfg = Debug|Win32
		{492169C6-5925-46FD-8E13-B33694AE218F}.Debug|Win32.Build.0 = Debug|Win32
		{492169C6-5925-46FD-8E13-B33694AE218F}.Release|Win32.ActiveCfg = Release|Win32
		{492169C6-5925-46FD-8E13-B33694AE218F}.Release|Win32.Build.0 = Release|Win32
		{0A916EE3-D460-4C9B-AB1B-B665A2408F83}.Debug|Win32.ActiveCfg = Debug|Win32
		{0A916EE3-D460-4C9B-AB1B-B665A2408F83}.Debug|Win32.Build.0 = Debug|Win32
		{0A916EE3-D460-4C9B-AB1B-B665A2408F83}.Release|Win32.ActiveCfg = Release|Win32
		{0A916EE3-D460-4C9B-AB1B-B665A2408F83}.Release|Win32.Build.0 = Release|Win32
		{AE526E1B-1CDD-43C6-B57D-CE79F7133469}.Debug|Win32.ActiveCfg = Debug|Win32
		{AE526E1B-1CDD-43C6-B57D-CE79F7133469}.Debug|Win32.Build.0 = Debug|Win32
		{AE526E1B-1CDD-43C6-B57D-CE79F7133469}.Release|Win32.ActiveCfg = Release|Win32
		{AE526E1B-1CDD-43C6-B57D-CE79F7133469}.Release|Win32.Build.0 = Release|Win32
		{B69CCFA6-2505-45E1-9D2E-C849EE588344}.Debug|Win32.ActiveCfg = Debug|Win32
		{B69CCFA6-2505-45E1-9D2E-C849EE588344}.Debug|Win32.Build.0 = Debug|Win32
		{B69CCFA6-2505-45E1-9D2E-C849EE588344}.Release|Win32.ActiveCfg = Release|Win32
		{B69CCFA6-2505-45E1-9D2E-C849EE588344}.Release|Win32.Build.0 = Release|Win32
		{87EE9DA4-DE1E-4448-8324-183C98DCA588}.Debug|Win32.ActiveCfg = Debug|Win32
		{87EE9DA4-DE1E-4448-8324-183C98DCA588}.Debug|Win32.Build.0 = Debug|Win32
		{87EE9DA4-DE1E-4448-8324-183C98DCA588}.Release|Win32.ActiveCfg = Release|Win32
		{87EE9DA4-DE1E-4448-8324-183C98DCA588}.Release|Win32.Build.0 = Release|Win32
		{9384F7F8-F07E-45F4-A0BA-46239D2C0464}.Debug|Win32.ActiveCfg = Debug|Win32
		{9384F7F8-F07E-45F4-A0BA-46239D2C0464}.Debug|Win32.Build.0 = Debug|Win32
		{9384F7F8-F07E-45F4-A0BA-46239D2C0464}.Release|Win32.ActiveCfg = Release|Win32
		{9384F7F8-F07E-45F4-A0BA-46239D2C0464}.Release|Win32.Build.0 = Release|Win32
		{4C7F861B-88E1-4801-BE11-6A80B2315F19}.Debug|Win32.ActiveCfg = Debug|Win32
		{4C7F861B-88E1-4801-BE11-6A80B2315F19}.Debug|Win32.Build.0 = Debug|Win32
		{4C7F861B-88E1-4801-BE11-6A80B2315F19}.Release|Win32.ActiveCfg = Release|Win32
		{4C7F861B-88E1-4801-BE11-6A80B2315F19}.Release|Win32.Build.0 = Release|Win32
		{B179A7DE-2EC5-412D-ABAC-6127B118A9A1}.Debug|Win32.ActiveCfg = Debug|Win32
		{B179A7DE-2EC5-412D-ABAC-6127B118A9A1}.Debug|Win32.Build.0 = Debug|Win32
		{B179A7DE-2EC5-412D-ABAC-6127B118A9A1}.Release|Win32.ActiveCfg = Release|Win32
		{B179A7DE-2EC5-412D-ABAC-6127B118A9A1}.Release|Win32.Build.0 = Release|Win32
		{3A214E06-B95E-4D61-A291-1F8DF2EC10FD}.Debug|Win32.ActiveCfg = Debug|Win32
		{3A214E06-B95E-4D61-A291-1F8DF2EC10FD}.Debug|Win32.Build.0 = Debug|Win32
		{3A214E06-B95E-4D61-A291-1F8DF2EC10FD}.Release|Win32.ActiveCfg = Release|Win32
		{3A214E06-B95E-4D61-A291-1F8DF2EC10FD}.Release|Win32.Build.0 = Release|Win32
		{CEBDE98B-A6AA-46E6-BC79-FAAF823DB9EC}.Debug|Win32.ActiveCfg = Debug|Win32
		{CEBDE98B-A6AA-46E6-BC79-FAAF823DB9EC}.Debug|Win32.Build.0 = Debug|Win32
		{CEBDE98B-A6AA-46E6-BC79-FAAF823DB9EC}.Release|Win32.ActiveCfg = Release|Win32
		{CEBDE98B-A6AA-46E6-BC79-FAAF823DB9EC}.Release|Win32.Build.0 = Release|Win32
	EndGlobalSection
	GlobalSection(SolutionProperties) = preSolution
		HideSolutionNode = FALSE
	EndGlobalSection
EndGlobal
