<?xml version="1.0" encoding="utf-8"?>
<Project ToolsVersion="4.0" xmlns="http://schemas.microsoft.com/developer/msbuild/2003">
  <ItemGroup>
    <Filter Include="Source Files">
      <UniqueIdentifier>{4FC737F1-C7A5-4376-A066-2A32D752A2FF}</UniqueIdentifier>
      <Extensions>cpp;c;cc;cxx;def;odl;idl;hpj;bat;asm;asmx</Extensions>
    </Filter>
    <Filter Include="Header Files">
      <UniqueIdentifier>{93995380-89BD-4b04-88EB-625FBE52EBFB}</UniqueIdentifier>
      <Extensions>h;hpp;hxx;hm;inl;inc;xsd</Extensions>
    </Filter>
    <Filter Include="Resource Files">
      <UniqueIdentifier>{67DA6AB6-F800-4c08-8B7A-83BB121AAD01}</UniqueIdentifier>
      <Extensions>rc;ico;cur;bmp;dlg;rc2;rct;bin;rgs;gif;jpg;jpeg;jpe;resx;tiff;tif;png;wav;mfcribbon-ms</Extensions>
    </Filter>
    <Filter Include="Source Files\BotLib">
      <UniqueIdentifier>{7e63da97-7077-4597-8330-c1906bc353de}</UniqueIdentifier>
    </Filter>
    <Filter Include="Source Files\Common">
      <UniqueIdentifier>{c054df1d-b44a-4dce-bdf8-0f77e8ee1c70}</UniqueIdentifier>
    </Filter>
    <Filter Include="Source Files\Platform">
      <UniqueIdentifier>{a4aca449-0faa-4041-8b64-5ba0b76c3b75}</UniqueIdentifier>
    </Filter>
    <Filter Include="Source Files\Server">
      <UniqueIdentifier>{d45ea561-1726-48be-9d45-9b5431595384}</UniqueIdentifier>
    </Filter>
    <Filter Include="Source Files\System">
      <UniqueIdentifier>{ece4a82a-4750-4adb-9430-a8908eb7bcd3}</UniqueIdentifier>
    </Filter>
    <Filter Include="Source Files\zlib">
      <UniqueIdentifier>{0971da50-4d18-4c80-ba3f-76a0ca331426}</UniqueIdentifier>
    </Filter>
  </ItemGroup>
  <ItemGroup>
    <ClCompile Include="..\src\botlib\l_struct.c">
      <Filter>Source Files\BotLib</Filter>
    </ClCompile>
    <ClCompile Include="..\src\botlib\be_interface.c">
      <Filter>Source Files\BotLib</Filter>
    </ClCompile>
    <ClCompile Include="..\src\botlib\l_libvar.c">
      <Filter>Source Files\BotLib</Filter>
    </ClCompile>
    <ClCompile Include="..\src\botlib\l_log.c">
      <Filter>Source Files\BotLib</Filter>
    </ClCompile>
    <ClCompile Include="..\src\botlib\l_memory.c">
      <Filter>Source Files\BotLib</Filter>
    </ClCompile>
    <ClCompile Include="..\src\botlib\l_precomp.c">
      <Filter>Source Files\BotLib</Filter>
    </ClCompile>
    <ClCompile Include="..\src\botlib\l_script.c">
      <Filter>Source Files\BotLib</Filter>
    </ClCompile>
    <ClCompile Include="..\src\qcommon\net_chan.c">
      <Filter>Source Files\Common</Filter>
    </ClCompile>
    <ClCompile Include="..\src\qcommon\net_ip.c">
      <Filter>Source Files\Common</Filter>
    </ClCompile>
    <ClCompile Include="..\src\qcommon\puff.c">
      <Filter>Source Files\Common</Filter>
    </ClCompile>
    <ClCompile Include="..\src\qcommon\q_math.c">
      <Filter>Source Files\Common</Filter>
    </ClCompile>
    <ClCompile Include="..\src\qcommon\q_shared.c">
      <Filter>Source Files\Common</Filter>
    </ClCompile>
    <ClCompile Include="..\src\qcommon\unzip.c">
      <Filter>Source Files\Common</Filter>
    </ClCompile>
    <ClCompile Include="..\src\qcommon\vm.c">
      <Filter>Source Files\Common</Filter>
    </ClCompile>
    <ClCompile Include="..\src\qcommon\vm_interpreted.c">
      <Filter>Source Files\Common</Filter>
    </ClCompile>
    <ClCompile Include="..\src\qcommon\cm_patch.c">
      <Filter>Source Files\Common</Filter>
    </ClCompile>
    <ClCompile Include="..\src\qcommon\cm_polylib.c">
      <Filter>Source Files\Common</Filter>
    </ClCompile>
    <ClCompile Include="..\src\qcommon\cm_test.c">
      <Filter>Source Files\Common</Filter>
    </ClCompile>
    <ClCompile Include="..\src\qcommon\cm_trace.c">
      <Filter>Source Files\Common</Filter>
    </ClCompile>
    <ClCompile Include="..\src\qcommon\cmd.c">
      <Filter>Source Files\Common</Filter>
    </ClCompile>
    <ClCompile Include="..\src\qcommon\common.c">
      <Filter>Source Files\Common</Filter>
    </ClCompile>
    <ClCompile Include="..\src\qcommon\cvar.c">
      <Filter>Source Files\Common</Filter>
    </ClCompile>
    <ClCompile Include="..\src\qcommon\files.c">
      <Filter>Source Files\Common</Filter>
    </ClCompile>
    <ClCompile Include="..\src\qcommon\htable.c">
      <Filter>Source Files\Common</Filter>
    </ClCompile>
    <ClCompile Include="..\src\qcommon\huffman.c">
      <Filter>Source Files\Common</Filter>
    </ClCompile>
    <ClCompile Include="..\src\qcommon\ioapi.c">
      <Filter>Source Files\Common</Filter>
    </ClCompile>
    <ClCompile Include="..\src\qcommon\md4.c">
      <Filter>Source Files\Common</Filter>
    </ClCompile>
    <ClCompile Include="..\src\qcommon\md5.c">
      <Filter>Source Files\Common</Filter>
    </ClCompile>
    <ClCompile Include="..\src\qcommon\msg.c">
      <Filter>Source Files\Common</Filter>
    </ClCompile>
    <ClCompile Include="..\src\server\sv_bot.c">
      <Filter>Source Files\Server</Filter>
    </ClCompile>
    <ClCompile Include="..\src\server\sv_ccmds.c">
      <Filter>Source Files\Server</Filter>
    </ClCompile>
    <ClCompile Include="..\src\server\sv_client.c">
      <Filter>Source Files\Server</Filter>
    </ClCompile>
    <ClCompile Include="..\src\server\sv_demo.c">
      <Filter>Source Files\Server</Filter>
    </ClCompile>
    <ClCompile Include="..\src\server\sv_game.c">
      <Filter>Source Files\Server</Filter>
    </ClCompile>
    <ClCompile Include="..\src\server\sv_init.c">
      <Filter>Source Files\Server</Filter>
    </ClCompile>
    <ClCompile Include="..\src\server\sv_main.c">
      <Filter>Source Files\Server</Filter>
    </ClCompile>
    <ClCompile Include="..\src\server\sv_net_chan.c">
      <Filter>Source Files\Server</Filter>
    </ClCompile>
    <ClCompile Include="..\src\server\sv_snapshot.c">
      <Filter>Source Files\Server</Filter>
    </ClCompile>
    <ClCompile Include="..\src\server\sv_tracker.c">
      <Filter>Source Files\Server</Filter>
    </ClCompile>
    <ClCompile Include="..\src\server\sv_wallhack.c">
      <Filter>Source Files\Server</Filter>
    </ClCompile>
    <ClCompile Include="..\src\server\sv_world.c">
      <Filter>Source Files\Server</Filter>
    </ClCompile>
    <ClCompile Include="..\src\sys\con_win32.c">
      <Filter>Source Files\Platform</Filter>
    </ClCompile>
    <ClCompile Include="..\src\sys\sys_win32.c">
      <Filter>Source Files\Platform</Filter>
    </ClCompile>
    <ClCompile Include="..\src\sys\sys_win32_con.c">
      <Filter>Source Files\Platform</Filter>
    </ClCompile>
    <ClCompile Include="..\src\sys\sys_main.c">
      <Filter>Source Files\System</Filter>
    </ClCompile>
    <ClCompile Include="..\src\sys\con_log.c">
      <Filter>Source Files\System</Filter>
    </ClCompile>
    <ClCompile Include="..\src\zlib\zutil.c">
      <Filter>Source Files\zlib</Filter>
    </ClCompile>
    <ClCompile Include="..\src\zlib\adler32.c">
      <Filter>Source Files\zlib</Filter>
    </ClCompile>
    <ClCompile Include="..\src\zlib\crc32.c">
      <Filter>Source Files\zlib</Filter>
    </ClCompile>
    <ClCompile Include="..\src\zlib\inffast.c">
      <Filter>Source Files\zlib</Filter>
    </ClCompile>
    <ClCompile Include="..\src\zlib\inflate.c">
      <Filter>Source Files\zlib</Filter>
    </ClCompile>
    <ClCompile Include="..\src\zlib\inftrees.c">
      <Filter>Source Files\zlib</Filter>
    </ClCompile>
    <ClCompile Include="..\src\null\null_client.c">
      <Filter>Source Files</Filter>
    </ClCompile>
    <ClCompile Include="..\src\null\null_input.c">
      <Filter>Source Files</Filter>
    </ClCompile>
    <ClCompile Include="..\src\null\null_snddma.c">
      <Filter>Source Files</Filter>
    </ClCompile>
    <ClCompile Include="..\src\qcommon\dl_main_stubs.c">
      <Filter>Source Files</Filter>
    </ClCompile>
    <ClCompile Include="..\src\qcommon\cm_load.c">
      <Filter>Source Files\Common</Filter>
    </ClCompile>
  </ItemGroup>
  <ItemGroup>
    <ClInclude Include="..\src\server\sv_tracker.h">
      <Filter>Header Files</Filter>
    </ClInclude>
    <ClInclude Include="..\src\server\server.h">
      <Filter>Header Files</Filter>
    </ClInclude>
    <ClInclude Include="..\src\botlib\l_struct.h">
      <Filter>Header Files</Filter>
    </ClInclude>
    <ClInclude Include="..\src\botlib\be_interface.h">
      <Filter>Header Files</Filter>
    </ClInclude>
    <ClInclude Include="..\src\botlib\l_libvar.h">
      <Filter>Header Files</Filter>
    </ClInclude>
    <ClInclude Include="..\src\botlib\l_log.h">
      <Filter>Header Files</Filter>
    </ClInclude>
    <ClInclude Include="..\src\botlib\l_memory.h">
      <Filter>Header Files</Filter>
    </ClInclude>
    <ClInclude Include="..\src\botlib\l_precomp.h">
      <Filter>Header Files</Filter>
    </ClInclude>
    <ClInclude Include="..\src\botlib\l_script.h">
      <Filter>Header Files</Filter>
    </ClInclude>
    <ClInclude Include="..\src\qcommon\puff.h">
      <Filter>Source Files\Common</Filter>
    </ClInclude>
    <ClInclude Include="..\src\qcommon\q_platform.h">
      <Filter>Source Files\Common</Filter>
    </ClInclude>
    <ClInclude Include="..\src\qcommon\q_shared.h">
      <Filter>Source Files\Common</Filter>
    </ClInclude>
    <ClInclude Include="..\src\qcommon\qcommon.h">
      <Filter>Source Files\Common</Filter>
    </ClInclude>
    <ClInclude Include="..\src\qcommon\qfiles.h">
      <Filter>Source Files\Common</Filter>
    </ClInclude>
    <ClInclude Include="..\src\qcommon\unzip.h">
      <Filter>Source Files\Common</Filter>
    </ClInclude>
    <ClInclude Include="..\src\qcommon\vm_local.h">
      <Filter>Source Files\Common</Filter>
    </ClInclude>
    <ClInclude Include="..\src\qcommon\cm_local.h">
      <Filter>Source Files\Common</Filter>
    </ClInclude>
    <ClInclude Include="..\src\qcommon\cm_patch.h">
      <Filter>Source Files\Common</Filter>
    </ClInclude>
    <ClInclude Include="..\src\qcommon\cm_polylib.h">
      <Filter>Source Files\Common</Filter>
    </ClInclude>
    <ClInclude Include="..\src\qcommon\cm_public.h">
      <Filter>Source Files\Common</Filter>
    </ClInclude>
    <ClInclude Include="..\src\qcommon\dl_local.h">
      <Filter>Source Files\Common</Filter>
    </ClInclude>
    <ClInclude Include="..\src\qcommon\dl_public.h">
      <Filter>Source Files\Common</Filter>
    </ClInclude>
    <ClInclude Include="..\src\qcommon\htable.h">
      <Filter>Source Files\Common</Filter>
    </ClInclude>
    <ClInclude Include="..\src\qcommon\ioapi.h">
      <Filter>Source Files\Common</Filter>
    </ClInclude>
    <ClInclude Include="..\src\zlib\zconf.h">
      <Filter>Source Files\zlib</Filter>
    </ClInclude>
    <ClInclude Include="..\src\zlib\zlib.h">
      <Filter>Source Files\zlib</Filter>
    </ClInclude>
    <ClInclude Include="..\src\zlib\zutil.h">
      <Filter>Source Files\zlib</Filter>
    </ClInclude>
    <ClInclude Include="..\src\zlib\crc32.h">
      <Filter>Source Files\zlib</Filter>
    </ClInclude>
    <ClInclude Include="..\src\zlib\inffast.h">
      <Filter>Source Files\zlib</Filter>
    </ClInclude>
    <ClInclude Include="..\src\zlib\inffixed.h">
      <Filter>Source Files\zlib</Filter>
    </ClInclude>
    <ClInclude Include="..\src\zlib\inflate.h">
      <Filter>Source Files\zlib</Filter>
    </ClInclude>
    <ClInclude Include="..\src\zlib\inftrees.h">
      <Filter>Source Files\zlib</Filter>
    </ClInclude>
  </ItemGroup>
  <ItemGroup>
    <ResourceCompile Include="..\src\sys\win_resource.rc">
      <Filter>Source Files\Platform</Filter>
    </ResourceCompile>
  </ItemGroup>
</Project>