<?xml version="1.0" encoding="utf-8"?>
<Project ToolsVersion="4.0" xmlns="http://schemas.microsoft.com/developer/msbuild/2003">
  <ItemGroup>
    <Filter Include="Source Files">
      <UniqueIdentifier>{4FC737F1-C7A5-4376-A066-2A32D752A2FF}</UniqueIdentifier>
      <Extensions>cpp;c;cc;cxx;def;odl;idl;hpj;bat;asm;asmx</Extensions>
    </Filter>
    <Filter Include="Header Files">
      <UniqueIdentifier>{93995380-89BD-4b04-88EB-625FBE52EBFB}</UniqueIdentifier>
      <Extensions>h;hpp;hxx;hm;inl;inc;xsd</Extensions>
    </Filter>
    <Filter Include="Resource Files">
      <UniqueIdentifier>{67DA6AB6-F800-4c08-8B7A-83BB121AAD01}</UniqueIdentifier>
      <Extensions>rc;ico;cur;bmp;dlg;rc2;rct;bin;rgs;gif;jpg;jpeg;jpe;resx;tiff;tif;png;wav;mfcribbon-ms</Extensions>
    </Filter>
    <Filter Include="Source Files\sha-1">
      <UniqueIdentifier>{803024eb-69ea-4bef-84e3-4362c7bdd3b8}</UniqueIdentifier>
    </Filter>
    <Filter Include="LUA">
      <UniqueIdentifier>{bf523ba1-6b6b-49e9-93ff-2417a9cc8f5f}</UniqueIdentifier>
    </Filter>
  </ItemGroup>
  <ItemGroup>
    <ClCompile Include="..\src\game\bg_animation.c">
      <Filter>Source Files</Filter>
    </ClCompile>
    <ClCompile Include="..\src\game\bg_animgroup.c">
      <Filter>Source Files</Filter>
    </ClCompile>
    <ClCompile Include="..\src\game\bg_campaign.c">
      <Filter>Source Files</Filter>
    </ClCompile>
    <ClCompile Include="..\src\game\bg_character.c">
      <Filter>Source Files</Filter>
    </ClCompile>
    <ClCompile Include="..\src\game\bg_classes.c">
      <Filter>Source Files</Filter>
    </ClCompile>
    <ClCompile Include="..\src\game\bg_misc.c">
      <Filter>Source Files</Filter>
    </ClCompile>
    <ClCompile Include="..\src\game\bg_pmove.c">
      <Filter>Source Files</Filter>
    </ClCompile>
    <ClCompile Include="..\src\game\bg_slidemove.c">
      <Filter>Source Files</Filter>
    </ClCompile>
    <ClCompile Include="..\src\game\bg_sscript.c">
      <Filter>Source Files</Filter>
    </ClCompile>
    <ClCompile Include="..\src\game\bg_stats.c">
      <Filter>Source Files</Filter>
    </ClCompile>
    <ClCompile Include="..\src\game\bg_tracemap.c">
      <Filter>Source Files</Filter>
    </ClCompile>
    <ClCompile Include="..\src\game\et-antiwarp.c">
      <Filter>Source Files</Filter>
    </ClCompile>
    <ClCompile Include="..\src\game\geoip.c">
      <Filter>Source Files</Filter>
    </ClCompile>
    <ClCompile Include="..\src\game\g_active.c">
      <Filter>Source Files</Filter>
    </ClCompile>
    <ClCompile Include="..\src\game\g_alarm.c">
      <Filter>Source Files</Filter>
    </ClCompile>
    <ClCompile Include="..\src\game\g_antilag.c">
      <Filter>Source Files</Filter>
    </ClCompile>
    <ClCompile Include="..\src\game\g_buddy_list.c">
      <Filter>Source Files</Filter>
    </ClCompile>
    <ClCompile Include="..\src\game\g_character.c">
      <Filter>Source Files</Filter>
    </ClCompile>
    <ClCompile Include="..\src\game\g_client.c">
      <Filter>Source Files</Filter>
    </ClCompile>
    <ClCompile Include="..\src\game\g_cmds.c">
      <Filter>Source Files</Filter>
    </ClCompile>
    <ClCompile Include="..\src\game\g_cmds_ext.c">
      <Filter>Source Files</Filter>
    </ClCompile>
    <ClCompile Include="..\src\game\g_combat.c">
      <Filter>Source Files</Filter>
    </ClCompile>
    <ClCompile Include="..\src\game\g_config.c">
      <Filter>Source Files</Filter>
    </ClCompile>
    <ClCompile Include="..\src\game\g_etbot_interface.cpp">
      <Filter>Source Files</Filter>
    </ClCompile>
    <ClCompile Include="..\src\game\g_fireteams.c">
      <Filter>Source Files</Filter>
    </ClCompile>
    <ClCompile Include="..\src\game\g_items.c">
      <Filter>Source Files</Filter>
    </ClCompile>
    <ClCompile Include="..\src\game\g_lua.c">
      <Filter>Source Files</Filter>
    </ClCompile>
    <ClCompile Include="..\src\game\g_main.c">
      <Filter>Source Files</Filter>
    </ClCompile>
    <ClCompile Include="..\src\game\g_match.c">
      <Filter>Source Files</Filter>
    </ClCompile>
    <ClCompile Include="..\src\game\g_match_tokens.c">
      <Filter>Source Files</Filter>
    </ClCompile>
    <ClCompile Include="..\src\game\g_mem.c">
      <Filter>Source Files</Filter>
    </ClCompile>
    <ClCompile Include="..\src\game\g_misc.c">
      <Filter>Source Files</Filter>
    </ClCompile>
    <ClCompile Include="..\src\game\g_missile.c">
      <Filter>Source Files</Filter>
    </ClCompile>
    <ClCompile Include="..\src\game\g_mover.c">
      <Filter>Source Files</Filter>
    </ClCompile>
    <ClCompile Include="..\src\game\g_multiview.c">
      <Filter>Source Files</Filter>
    </ClCompile>
    <ClCompile Include="..\src\game\g_props.c">
      <Filter>Source Files</Filter>
    </ClCompile>
    <ClCompile Include="..\src\game\g_referee.c">
      <Filter>Source Files</Filter>
    </ClCompile>
    <ClCompile Include="..\src\game\g_script.c">
      <Filter>Source Files</Filter>
    </ClCompile>
    <ClCompile Include="..\src\game\g_script_actions.c">
      <Filter>Source Files</Filter>
    </ClCompile>
    <ClCompile Include="..\src\game\g_session.c">
      <Filter>Source Files</Filter>
    </ClCompile>
    <ClCompile Include="..\src\game\g_sha1.c">
      <Filter>Source Files</Filter>
    </ClCompile>
    <ClCompile Include="..\src\game\g_spawn.c">
      <Filter>Source Files</Filter>
    </ClCompile>
    <ClCompile Include="..\src\game\g_stats.c">
      <Filter>Source Files</Filter>
    </ClCompile>
    <ClCompile Include="..\src\game\g_strparse.c">
      <Filter>Source Files</Filter>
    </ClCompile>
    <ClCompile Include="..\src\game\g_svcmds.c">
      <Filter>Source Files</Filter>
    </ClCompile>
    <ClCompile Include="..\src\game\g_syscalls.c">
      <Filter>Source Files</Filter>
    </ClCompile>
    <ClCompile Include="..\src\game\g_systemmsg.c">
      <Filter>Source Files</Filter>
    </ClCompile>
    <ClCompile Include="..\src\game\g_target.c">
      <Filter>Source Files</Filter>
    </ClCompile>
    <ClCompile Include="..\src\game\g_team.c">
      <Filter>Source Files</Filter>
    </ClCompile>
    <ClCompile Include="..\src\game\g_teammapdata.c">
      <Filter>Source Files</Filter>
    </ClCompile>
    <ClCompile Include="..\src\game\g_trigger.c">
      <Filter>Source Files</Filter>
    </ClCompile>
    <ClCompile Include="..\src\game\g_utils.c">
      <Filter>Source Files</Filter>
    </ClCompile>
    <ClCompile Include="..\src\game\g_vote.c">
      <Filter>Source Files</Filter>
    </ClCompile>
    <ClCompile Include="..\src\game\g_weapon.c">
      <Filter>Source Files</Filter>
    </ClCompile>
    <ClCompile Include="..\src\qcommon\q_shared.c">
      <Filter>Source Files</Filter>
    </ClCompile>
    <ClCompile Include="..\src\qcommon\q_math.c">
      <Filter>Source Files</Filter>
    </ClCompile>
    <ClCompile Include="..\src\game\sha-1\sha.c">
      <Filter>Source Files\sha-1</Filter>
    </ClCompile>
    <ClCompile Include="..\src\game\sha-1\sha1.c">
      <Filter>Source Files\sha-1</Filter>
    </ClCompile>
  </ItemGroup>
  <ItemGroup>
    <ClInclude Include="..\src\game\bg_local.h">
      <Filter>Header Files</Filter>
    </ClInclude>
    <ClInclude Include="..\src\game\bg_public.h">
      <Filter>Header Files</Filter>
    </ClInclude>
    <ClInclude Include="..\src\game\g_etbot_interface.h">
      <Filter>Header Files</Filter>
    </ClInclude>
    <ClInclude Include="..\src\game\g_local.h">
      <Filter>Header Files</Filter>
    </ClInclude>
    <ClInclude Include="..\src\game\g_lua.h">
      <Filter>Header Files</Filter>
    </ClInclude>
    <ClInclude Include="..\src\game\g_public.h">
      <Filter>Header Files</Filter>
    </ClInclude>
    <ClInclude Include="..\src\game\g_strparse.h">
      <Filter>Header Files</Filter>
    </ClInclude>
    <ClInclude Include="..\src\game\g_team.h">
      <Filter>Header Files</Filter>
    </ClInclude>
    <ClInclude Include="..\src\game\sha-1\sha1.h">
      <Filter>Header Files</Filter>
    </ClInclude>
    <ClInclude Include="..\src\game\surfaceflags.h">
      <Filter>Header Files</Filter>
    </ClInclude>
    <ClInclude Include="..\src\qcommon\q_shared.h">
      <Filter>Header Files</Filter>
    </ClInclude>
  </ItemGroup>
  <ItemGroup>
    <None Include="..\src\game\input_tokens.gperf" />
  </ItemGroup>
  <ItemGroup>
    <Text Include="..\src\game\sha-1\license.txt">
      <Filter>Source Files\sha-1</Filter>
    </Text>
    <Text Include="etgoldy.lua">
      <Filter>LUA</Filter>
    </Text>
  </ItemGroup>
</Project>