<?xml version="1.0" encoding="utf-8"?>
<Project ToolsVersion="4.0" xmlns="http://schemas.microsoft.com/developer/msbuild/2003">
  <ItemGroup>
    <Filter Include="Source Files">
      <UniqueIdentifier>{436fd1d9-7012-4a4d-a67c-68bcf03a56ff}</UniqueIdentifier>
    </Filter>
    <Filter Include="Header Files">
      <UniqueIdentifier>{2cb2c48f-5296-4e5d-8603-4ea93c9e9dd5}</UniqueIdentifier>
    </Filter>
    <Filter Include="Resource Files">
      <UniqueIdentifier>{092e6ca4-170c-48ee-b530-df6382ea0fa2}</UniqueIdentifier>
      <Extensions>ico;cur;bmp;dlg;rc2;rct;bin;rgs;gif;jpg;jpeg;jpe</Extensions>
    </Filter>
  </ItemGroup>
  <ItemGroup>
    <ClCompile Include="..\..\libs\curl\lib\amigaos.c">
      <Filter>Source Files</Filter>
    </ClCompile>
    <ClCompile Include="..\..\libs\curl\lib\asyn-ares.c">
      <Filter>Source Files</Filter>
    </ClCompile>
    <ClCompile Include="..\..\libs\curl\lib\asyn-thread.c">
      <Filter>Source Files</Filter>
    </ClCompile>
    <ClCompile Include="..\..\libs\curl\lib\axtls.c">
      <Filter>Source Files</Filter>
    </ClCompile>
    <ClCompile Include="..\..\libs\curl\lib\base64.c">
      <Filter>Source Files</Filter>
    </ClCompile>
    <ClCompile Include="..\..\libs\curl\lib\connect.c">
      <Filter>Source Files</Filter>
    </ClCompile>
    <ClCompile Include="..\..\libs\curl\lib\content_encoding.c">
      <Filter>Source Files</Filter>
    </ClCompile>
    <ClCompile Include="..\..\libs\curl\lib\cookie.c">
      <Filter>Source Files</Filter>
    </ClCompile>
    <ClCompile Include="..\..\libs\curl\lib\curl_addrinfo.c">
      <Filter>Source Files</Filter>
    </ClCompile>
    <ClCompile Include="..\..\libs\curl\lib\curl_fnmatch.c">
      <Filter>Source Files</Filter>
    </ClCompile>
    <ClCompile Include="..\..\libs\curl\lib\curl_gethostname.c">
      <Filter>Source Files</Filter>
    </ClCompile>
    <ClCompile Include="..\..\libs\curl\lib\curl_gssapi.c">
      <Filter>Source Files</Filter>
    </ClCompile>
    <ClCompile Include="..\..\libs\curl\lib\curl_memrchr.c">
      <Filter>Source Files</Filter>
    </ClCompile>
    <ClCompile Include="..\..\libs\curl\lib\curl_ntlm.c">
      <Filter>Source Files</Filter>
    </ClCompile>
    <ClCompile Include="..\..\libs\curl\lib\curl_ntlm_core.c">
      <Filter>Source Files</Filter>
    </ClCompile>
    <ClCompile Include="..\..\libs\curl\lib\curl_ntlm_msgs.c">
      <Filter>Source Files</Filter>
    </ClCompile>
    <ClCompile Include="..\..\libs\curl\lib\curl_ntlm_wb.c">
      <Filter>Source Files</Filter>
    </ClCompile>
    <ClCompile Include="..\..\libs\curl\lib\curl_rand.c">
      <Filter>Source Files</Filter>
    </ClCompile>
    <ClCompile Include="..\..\libs\curl\lib\curl_rtmp.c">
      <Filter>Source Files</Filter>
    </ClCompile>
    <ClCompile Include="..\..\libs\curl\lib\curl_sspi.c">
      <Filter>Source Files</Filter>
    </ClCompile>
    <ClCompile Include="..\..\libs\curl\lib\curl_threads.c">
      <Filter>Source Files</Filter>
    </ClCompile>
    <ClCompile Include="..\..\libs\curl\lib\cyassl.c">
      <Filter>Source Files</Filter>
    </ClCompile>
    <ClCompile Include="..\..\libs\curl\lib\dict.c">
      <Filter>Source Files</Filter>
    </ClCompile>
    <ClCompile Include="..\..\libs\curl\lib\easy.c">
      <Filter>Source Files</Filter>
    </ClCompile>
    <ClCompile Include="..\..\libs\curl\lib\escape.c">
      <Filter>Source Files</Filter>
    </ClCompile>
    <ClCompile Include="..\..\libs\curl\lib\file.c">
      <Filter>Source Files</Filter>
    </ClCompile>
    <ClCompile Include="..\..\libs\curl\lib\fileinfo.c">
      <Filter>Source Files</Filter>
    </ClCompile>
    <ClCompile Include="..\..\libs\curl\lib\formdata.c">
      <Filter>Source Files</Filter>
    </ClCompile>
    <ClCompile Include="..\..\libs\curl\lib\ftp.c">
      <Filter>Source Files</Filter>
    </ClCompile>
    <ClCompile Include="..\..\libs\curl\lib\ftplistparser.c">
      <Filter>Source Files</Filter>
    </ClCompile>
    <ClCompile Include="..\..\libs\curl\lib\getenv.c">
      <Filter>Source Files</Filter>
    </ClCompile>
    <ClCompile Include="..\..\libs\curl\lib\getinfo.c">
      <Filter>Source Files</Filter>
    </ClCompile>
    <ClCompile Include="..\..\libs\curl\lib\gopher.c">
      <Filter>Source Files</Filter>
    </ClCompile>
    <ClCompile Include="..\..\libs\curl\lib\gtls.c">
      <Filter>Source Files</Filter>
    </ClCompile>
    <ClCompile Include="..\..\libs\curl\lib\hash.c">
      <Filter>Source Files</Filter>
    </ClCompile>
    <ClCompile Include="..\..\libs\curl\lib\hmac.c">
      <Filter>Source Files</Filter>
    </ClCompile>
    <ClCompile Include="..\..\libs\curl\lib\hostasyn.c">
      <Filter>Source Files</Filter>
    </ClCompile>
    <ClCompile Include="..\..\libs\curl\lib\hostip.c">
      <Filter>Source Files</Filter>
    </ClCompile>
    <ClCompile Include="..\..\libs\curl\lib\hostip4.c">
      <Filter>Source Files</Filter>
    </ClCompile>
    <ClCompile Include="..\..\libs\curl\lib\hostip6.c">
      <Filter>Source Files</Filter>
    </ClCompile>
    <ClCompile Include="..\..\libs\curl\lib\hostsyn.c">
      <Filter>Source Files</Filter>
    </ClCompile>
    <ClCompile Include="..\..\libs\curl\lib\http.c">
      <Filter>Source Files</Filter>
    </ClCompile>
    <ClCompile Include="..\..\libs\curl\lib\http_chunks.c">
      <Filter>Source Files</Filter>
    </ClCompile>
    <ClCompile Include="..\..\libs\curl\lib\http_digest.c">
      <Filter>Source Files</Filter>
    </ClCompile>
    <ClCompile Include="..\..\libs\curl\lib\http_negotiate.c">
      <Filter>Source Files</Filter>
    </ClCompile>
    <ClCompile Include="..\..\libs\curl\lib\http_negotiate_sspi.c">
      <Filter>Source Files</Filter>
    </ClCompile>
    <ClCompile Include="..\..\libs\curl\lib\http_proxy.c">
      <Filter>Source Files</Filter>
    </ClCompile>
    <ClCompile Include="..\..\libs\curl\lib\idn_win32.c">
      <Filter>Source Files</Filter>
    </ClCompile>
    <ClCompile Include="..\..\libs\curl\lib\if2ip.c">
      <Filter>Source Files</Filter>
    </ClCompile>
    <ClCompile Include="..\..\libs\curl\lib\imap.c">
      <Filter>Source Files</Filter>
    </ClCompile>
    <ClCompile Include="..\..\libs\curl\lib\inet_ntop.c">
      <Filter>Source Files</Filter>
    </ClCompile>
    <ClCompile Include="..\..\libs\curl\lib\inet_pton.c">
      <Filter>Source Files</Filter>
    </ClCompile>
    <ClCompile Include="..\..\libs\curl\lib\krb4.c">
      <Filter>Source Files</Filter>
    </ClCompile>
    <ClCompile Include="..\..\libs\curl\lib\krb5.c">
      <Filter>Source Files</Filter>
    </ClCompile>
    <ClCompile Include="..\..\libs\curl\lib\ldap.c">
      <Filter>Source Files</Filter>
    </ClCompile>
    <ClCompile Include="..\..\libs\curl\lib\llist.c">
      <Filter>Source Files</Filter>
    </ClCompile>
    <ClCompile Include="..\..\libs\curl\lib\md4.c">
      <Filter>Source Files</Filter>
    </ClCompile>
    <ClCompile Include="..\..\libs\curl\lib\md5.c">
      <Filter>Source Files</Filter>
    </ClCompile>
    <ClCompile Include="..\..\libs\curl\lib\memdebug.c">
      <Filter>Source Files</Filter>
    </ClCompile>
    <ClCompile Include="..\..\libs\curl\lib\mprintf.c">
      <Filter>Source Files</Filter>
    </ClCompile>
    <ClCompile Include="..\..\libs\curl\lib\multi.c">
      <Filter>Source Files</Filter>
    </ClCompile>
    <ClCompile Include="..\..\libs\curl\lib\netrc.c">
      <Filter>Source Files</Filter>
    </ClCompile>
    <ClCompile Include="..\..\libs\curl\lib\non-ascii.c">
      <Filter>Source Files</Filter>
    </ClCompile>
    <ClCompile Include="..\..\libs\curl\lib\nonblock.c">
      <Filter>Source Files</Filter>
    </ClCompile>
    <ClCompile Include="..\..\libs\curl\lib\nss.c">
      <Filter>Source Files</Filter>
    </ClCompile>
    <ClCompile Include="..\..\libs\curl\lib\openldap.c">
      <Filter>Source Files</Filter>
    </ClCompile>
    <ClCompile Include="..\..\libs\curl\lib\parsedate.c">
      <Filter>Source Files</Filter>
    </ClCompile>
    <ClCompile Include="..\..\libs\curl\lib\pingpong.c">
      <Filter>Source Files</Filter>
    </ClCompile>
    <ClCompile Include="..\..\libs\curl\lib\polarssl.c">
      <Filter>Source Files</Filter>
    </ClCompile>
    <ClCompile Include="..\..\libs\curl\lib\pop3.c">
      <Filter>Source Files</Filter>
    </ClCompile>
    <ClCompile Include="..\..\libs\curl\lib\progress.c">
      <Filter>Source Files</Filter>
    </ClCompile>
    <ClCompile Include="..\..\libs\curl\lib\qssl.c">
      <Filter>Source Files</Filter>
    </ClCompile>
    <ClCompile Include="..\..\libs\curl\lib\rawstr.c">
      <Filter>Source Files</Filter>
    </ClCompile>
    <ClCompile Include="..\..\libs\curl\lib\rtsp.c">
      <Filter>Source Files</Filter>
    </ClCompile>
    <ClCompile Include="..\..\libs\curl\lib\security.c">
      <Filter>Source Files</Filter>
    </ClCompile>
    <ClCompile Include="..\..\libs\curl\lib\select.c">
      <Filter>Source Files</Filter>
    </ClCompile>
    <ClCompile Include="..\..\libs\curl\lib\sendf.c">
      <Filter>Source Files</Filter>
    </ClCompile>
    <ClCompile Include="..\..\libs\curl\lib\share.c">
      <Filter>Source Files</Filter>
    </ClCompile>
    <ClCompile Include="..\..\libs\curl\lib\slist.c">
      <Filter>Source Files</Filter>
    </ClCompile>
    <ClCompile Include="..\..\libs\curl\lib\smtp.c">
      <Filter>Source Files</Filter>
    </ClCompile>
    <ClCompile Include="..\..\libs\curl\lib\socks.c">
      <Filter>Source Files</Filter>
    </ClCompile>
    <ClCompile Include="..\..\libs\curl\lib\socks_gssapi.c">
      <Filter>Source Files</Filter>
    </ClCompile>
    <ClCompile Include="..\..\libs\curl\lib\socks_sspi.c">
      <Filter>Source Files</Filter>
    </ClCompile>
    <ClCompile Include="..\..\libs\curl\lib\speedcheck.c">
      <Filter>Source Files</Filter>
    </ClCompile>
    <ClCompile Include="..\..\libs\curl\lib\splay.c">
      <Filter>Source Files</Filter>
    </ClCompile>
    <ClCompile Include="..\..\libs\curl\lib\ssh.c">
      <Filter>Source Files</Filter>
    </ClCompile>
    <ClCompile Include="..\..\libs\curl\lib\sslgen.c">
      <Filter>Source Files</Filter>
    </ClCompile>
    <ClCompile Include="..\..\libs\curl\lib\ssluse.c">
      <Filter>Source Files</Filter>
    </ClCompile>
    <ClCompile Include="..\..\libs\curl\lib\strdup.c">
      <Filter>Source Files</Filter>
    </ClCompile>
    <ClCompile Include="..\..\libs\curl\lib\strequal.c">
      <Filter>Source Files</Filter>
    </ClCompile>
    <ClCompile Include="..\..\libs\curl\lib\strerror.c">
      <Filter>Source Files</Filter>
    </ClCompile>
    <ClCompile Include="..\..\libs\curl\lib\strtok.c">
      <Filter>Source Files</Filter>
    </ClCompile>
    <ClCompile Include="..\..\libs\curl\lib\strtoofft.c">
      <Filter>Source Files</Filter>
    </ClCompile>
    <ClCompile Include="..\..\libs\curl\lib\telnet.c">
      <Filter>Source Files</Filter>
    </ClCompile>
    <ClCompile Include="..\..\libs\curl\lib\tftp.c">
      <Filter>Source Files</Filter>
    </ClCompile>
    <ClCompile Include="..\..\libs\curl\lib\timeval.c">
      <Filter>Source Files</Filter>
    </ClCompile>
    <ClCompile Include="..\..\libs\curl\lib\transfer.c">
      <Filter>Source Files</Filter>
    </ClCompile>
    <ClCompile Include="..\..\libs\curl\lib\url.c">
      <Filter>Source Files</Filter>
    </ClCompile>
    <ClCompile Include="..\..\libs\curl\lib\version.c">
      <Filter>Source Files</Filter>
    </ClCompile>
    <ClCompile Include="..\..\libs\curl\lib\warnless.c">
      <Filter>Source Files</Filter>
    </ClCompile>
    <ClCompile Include="..\..\libs\curl\lib\wildcard.c">
      <Filter>Source Files</Filter>
    </ClCompile>
  </ItemGroup>
  <ItemGroup>
    <ClInclude Include="..\..\libs\curl\lib\amigaos.h">
      <Filter>Header Files</Filter>
    </ClInclude>
    <ClInclude Include="..\..\libs\curl\lib\arpa_telnet.h">
      <Filter>Header Files</Filter>
    </ClInclude>
    <ClInclude Include="..\..\libs\curl\lib\asyn.h">
      <Filter>Header Files</Filter>
    </ClInclude>
    <ClInclude Include="..\..\libs\curl\lib\axtls.h">
      <Filter>Header Files</Filter>
    </ClInclude>
    <ClInclude Include="..\..\libs\curl\lib\config-win32.h">
      <Filter>Header Files</Filter>
    </ClInclude>
    <ClInclude Include="..\..\libs\curl\lib\connect.h">
      <Filter>Header Files</Filter>
    </ClInclude>
    <ClInclude Include="..\..\libs\curl\lib\content_encoding.h">
      <Filter>Header Files</Filter>
    </ClInclude>
    <ClInclude Include="..\..\libs\curl\lib\cookie.h">
      <Filter>Header Files</Filter>
    </ClInclude>
    <ClInclude Include="..\..\libs\curl\lib\curl_addrinfo.h">
      <Filter>Header Files</Filter>
    </ClInclude>
    <ClInclude Include="..\..\libs\curl\lib\curl_base64.h">
      <Filter>Header Files</Filter>
    </ClInclude>
    <ClInclude Include="..\..\libs\curl\lib\curl_fnmatch.h">
      <Filter>Header Files</Filter>
    </ClInclude>
    <ClInclude Include="..\..\libs\curl\lib\curl_gethostname.h">
      <Filter>Header Files</Filter>
    </ClInclude>
    <ClInclude Include="..\..\libs\curl\lib\curl_gssapi.h">
      <Filter>Header Files</Filter>
    </ClInclude>
    <ClInclude Include="..\..\libs\curl\lib\curl_hmac.h">
      <Filter>Header Files</Filter>
    </ClInclude>
    <ClInclude Include="..\..\libs\curl\lib\curl_ldap.h">
      <Filter>Header Files</Filter>
    </ClInclude>
    <ClInclude Include="..\..\libs\curl\lib\curl_md4.h">
      <Filter>Header Files</Filter>
    </ClInclude>
    <ClInclude Include="..\..\libs\curl\lib\curl_md5.h">
      <Filter>Header Files</Filter>
    </ClInclude>
    <ClInclude Include="..\..\libs\curl\lib\curl_memory.h">
      <Filter>Header Files</Filter>
    </ClInclude>
    <ClInclude Include="..\..\libs\curl\lib\curl_memrchr.h">
      <Filter>Header Files</Filter>
    </ClInclude>
    <ClInclude Include="..\..\libs\curl\lib\curl_ntlm.h">
      <Filter>Header Files</Filter>
    </ClInclude>
    <ClInclude Include="..\..\libs\curl\lib\curl_ntlm_core.h">
      <Filter>Header Files</Filter>
    </ClInclude>
    <ClInclude Include="..\..\libs\curl\lib\curl_ntlm_msgs.h">
      <Filter>Header Files</Filter>
    </ClInclude>
    <ClInclude Include="..\..\libs\curl\lib\curl_ntlm_wb.h">
      <Filter>Header Files</Filter>
    </ClInclude>
    <ClInclude Include="..\..\libs\curl\lib\curl_rand.h">
      <Filter>Header Files</Filter>
    </ClInclude>
    <ClInclude Include="..\..\libs\curl\lib\curl_rtmp.h">
      <Filter>Header Files</Filter>
    </ClInclude>
    <ClInclude Include="..\..\libs\curl\lib\curl_sspi.h">
      <Filter>Header Files</Filter>
    </ClInclude>
    <ClInclude Include="..\..\libs\curl\lib\curl_threads.h">
      <Filter>Header Files</Filter>
    </ClInclude>
    <ClInclude Include="..\..\libs\curl\lib\curlx.h">
      <Filter>Header Files</Filter>
    </ClInclude>
    <ClInclude Include="..\..\libs\curl\lib\cyassl.h">
      <Filter>Header Files</Filter>
    </ClInclude>
    <ClInclude Include="..\..\libs\curl\lib\dict.h">
      <Filter>Header Files</Filter>
    </ClInclude>
    <ClInclude Include="..\..\libs\curl\lib\easyif.h">
      <Filter>Header Files</Filter>
    </ClInclude>
    <ClInclude Include="..\..\libs\curl\lib\escape.h">
      <Filter>Header Files</Filter>
    </ClInclude>
    <ClInclude Include="..\..\libs\curl\lib\file.h">
      <Filter>Header Files</Filter>
    </ClInclude>
    <ClInclude Include="..\..\libs\curl\lib\fileinfo.h">
      <Filter>Header Files</Filter>
    </ClInclude>
    <ClInclude Include="..\..\libs\curl\lib\formdata.h">
      <Filter>Header Files</Filter>
    </ClInclude>
    <ClInclude Include="..\..\libs\curl\lib\ftp.h">
      <Filter>Header Files</Filter>
    </ClInclude>
    <ClInclude Include="..\..\libs\curl\lib\ftplistparser.h">
      <Filter>Header Files</Filter>
    </ClInclude>
    <ClInclude Include="..\..\libs\curl\lib\getinfo.h">
      <Filter>Header Files</Filter>
    </ClInclude>
    <ClInclude Include="..\..\libs\curl\lib\gopher.h">
      <Filter>Header Files</Filter>
    </ClInclude>
    <ClInclude Include="..\..\libs\curl\lib\gtls.h">
      <Filter>Header Files</Filter>
    </ClInclude>
    <ClInclude Include="..\..\libs\curl\lib\hash.h">
      <Filter>Header Files</Filter>
    </ClInclude>
    <ClInclude Include="..\..\libs\curl\lib\hostip.h">
      <Filter>Header Files</Filter>
    </ClInclude>
    <ClInclude Include="..\..\libs\curl\lib\http.h">
      <Filter>Header Files</Filter>
    </ClInclude>
    <ClInclude Include="..\..\libs\curl\lib\http_chunks.h">
      <Filter>Header Files</Filter>
    </ClInclude>
    <ClInclude Include="..\..\libs\curl\lib\http_digest.h">
      <Filter>Header Files</Filter>
    </ClInclude>
    <ClInclude Include="..\..\libs\curl\lib\http_negotiate.h">
      <Filter>Header Files</Filter>
    </ClInclude>
    <ClInclude Include="..\..\libs\curl\lib\http_proxy.h">
      <Filter>Header Files</Filter>
    </ClInclude>
    <ClInclude Include="..\..\libs\curl\lib\if2ip.h">
      <Filter>Header Files</Filter>
    </ClInclude>
    <ClInclude Include="..\..\libs\curl\lib\imap.h">
      <Filter>Header Files</Filter>
    </ClInclude>
    <ClInclude Include="..\..\libs\curl\lib\inet_ntop.h">
      <Filter>Header Files</Filter>
    </ClInclude>
    <ClInclude Include="..\..\libs\curl\lib\inet_pton.h">
      <Filter>Header Files</Filter>
    </ClInclude>
    <ClInclude Include="..\..\libs\curl\lib\krb4.h">
      <Filter>Header Files</Filter>
    </ClInclude>
    <ClInclude Include="..\..\libs\curl\lib\llist.h">
      <Filter>Header Files</Filter>
    </ClInclude>
    <ClInclude Include="..\..\libs\curl\lib\memdebug.h">
      <Filter>Header Files</Filter>
    </ClInclude>
    <ClInclude Include="..\..\libs\curl\lib\multiif.h">
      <Filter>Header Files</Filter>
    </ClInclude>
    <ClInclude Include="..\..\libs\curl\lib\netrc.h">
      <Filter>Header Files</Filter>
    </ClInclude>
    <ClInclude Include="..\..\libs\curl\lib\non-ascii.h">
      <Filter>Header Files</Filter>
    </ClInclude>
    <ClInclude Include="..\..\libs\curl\lib\nonblock.h">
      <Filter>Header Files</Filter>
    </ClInclude>
    <ClInclude Include="..\..\libs\curl\lib\nssg.h">
      <Filter>Header Files</Filter>
    </ClInclude>
    <ClInclude Include="..\..\libs\curl\lib\parsedate.h">
      <Filter>Header Files</Filter>
    </ClInclude>
    <ClInclude Include="..\..\libs\curl\lib\pingpong.h">
      <Filter>Header Files</Filter>
    </ClInclude>
    <ClInclude Include="..\..\libs\curl\lib\polarssl.h">
      <Filter>Header Files</Filter>
    </ClInclude>
    <ClInclude Include="..\..\libs\curl\lib\pop3.h">
      <Filter>Header Files</Filter>
    </ClInclude>
    <ClInclude Include="..\..\libs\curl\lib\progress.h">
      <Filter>Header Files</Filter>
    </ClInclude>
    <ClInclude Include="..\..\libs\curl\lib\qssl.h">
      <Filter>Header Files</Filter>
    </ClInclude>
    <ClInclude Include="..\..\libs\curl\lib\rawstr.h">
      <Filter>Header Files</Filter>
    </ClInclude>
    <ClInclude Include="..\..\libs\curl\lib\rtsp.h">
      <Filter>Header Files</Filter>
    </ClInclude>
    <ClInclude Include="..\..\libs\curl\lib\select.h">
      <Filter>Header Files</Filter>
    </ClInclude>
    <ClInclude Include="..\..\libs\curl\lib\sendf.h">
      <Filter>Header Files</Filter>
    </ClInclude>
    <ClInclude Include="..\..\libs\curl\lib\setup.h">
      <Filter>Header Files</Filter>
    </ClInclude>
    <ClInclude Include="..\..\libs\curl\lib\setup_once.h">
      <Filter>Header Files</Filter>
    </ClInclude>
    <ClInclude Include="..\..\libs\curl\lib\share.h">
      <Filter>Header Files</Filter>
    </ClInclude>
    <ClInclude Include="..\..\libs\curl\lib\slist.h">
      <Filter>Header Files</Filter>
    </ClInclude>
    <ClInclude Include="..\..\libs\curl\lib\smtp.h">
      <Filter>Header Files</Filter>
    </ClInclude>
    <ClInclude Include="..\..\libs\curl\lib\sockaddr.h">
      <Filter>Header Files</Filter>
    </ClInclude>
    <ClInclude Include="..\..\libs\curl\lib\socks.h">
      <Filter>Header Files</Filter>
    </ClInclude>
    <ClInclude Include="..\..\libs\curl\lib\speedcheck.h">
      <Filter>Header Files</Filter>
    </ClInclude>
    <ClInclude Include="..\..\libs\curl\lib\splay.h">
      <Filter>Header Files</Filter>
    </ClInclude>
    <ClInclude Include="..\..\libs\curl\lib\ssh.h">
      <Filter>Header Files</Filter>
    </ClInclude>
    <ClInclude Include="..\..\libs\curl\lib\sslgen.h">
      <Filter>Header Files</Filter>
    </ClInclude>
    <ClInclude Include="..\..\libs\curl\lib\ssluse.h">
      <Filter>Header Files</Filter>
    </ClInclude>
    <ClInclude Include="..\..\libs\curl\lib\strdup.h">
      <Filter>Header Files</Filter>
    </ClInclude>
    <ClInclude Include="..\..\libs\curl\lib\strequal.h">
      <Filter>Header Files</Filter>
    </ClInclude>
    <ClInclude Include="..\..\libs\curl\lib\strerror.h">
      <Filter>Header Files</Filter>
    </ClInclude>
    <ClInclude Include="..\..\libs\curl\lib\strtok.h">
      <Filter>Header Files</Filter>
    </ClInclude>
    <ClInclude Include="..\..\libs\curl\lib\strtoofft.h">
      <Filter>Header Files</Filter>
    </ClInclude>
    <ClInclude Include="..\..\libs\curl\lib\telnet.h">
      <Filter>Header Files</Filter>
    </ClInclude>
    <ClInclude Include="..\..\libs\curl\lib\tftp.h">
      <Filter>Header Files</Filter>
    </ClInclude>
    <ClInclude Include="..\..\libs\curl\lib\timeval.h">
      <Filter>Header Files</Filter>
    </ClInclude>
    <ClInclude Include="..\..\libs\curl\lib\transfer.h">
      <Filter>Header Files</Filter>
    </ClInclude>
    <ClInclude Include="..\..\libs\curl\lib\url.h">
      <Filter>Header Files</Filter>
    </ClInclude>
    <ClInclude Include="..\..\libs\curl\lib\urldata.h">
      <Filter>Header Files</Filter>
    </ClInclude>
    <ClInclude Include="..\..\libs\curl\lib\warnless.h">
      <Filter>Header Files</Filter>
    </ClInclude>
    <ClInclude Include="..\..\libs\curl\lib\wildcard.h">
      <Filter>Header Files</Filter>
    </ClInclude>
  </ItemGroup>
</Project>